{
    "name": "pigeon-mode-game-library",
    "lockfileVersion": 3,
    "requires": true,
    "packages": {
        "": {
            "bin": {
                "pigeon dev": "cli/dev.js"
            },
            "devDependencies": {
                "typescript": "5.0.4"
            },
            "engines": {
                "node": "18.16.0",
                "npm": "9.5.1"
            }
        },
        "node_modules/typescript": {
            "version": "5.0.4",
            "dev": true,
            "license": "Apache-2.0",
            "bin": {
                "tsc": "bin/tsc",
                "tsserver": "bin/tsserver"
            },
            "engines": {
                "node": ">=12.20"
            }
        }
    }
}
